
Microsoft Visual Studio Solution File, Format Version 12.00
# Visual Studio Version 16
VisualStudioVersion = 16.0.31515.178
MinimumVisualStudioVersion = 10.0.40219.1
Project("{FAE04EC0-301F-11D3-BF4B-00C04F79EFBC}") = "face_0827", "face_0827\face_0827.csproj", "{3EB09A09-DB5F-4D84-8131-78615BFABFF4}"
EndProject
Global
	GlobalSection(SolutionConfigurationPlatforms) = preSolution
		Debug|Any CPU = Debug|Any CPU
		Release|Any CPU = Release|Any CPU
	EndGlobalSection
	GlobalSection(ProjectConfigurationPlatforms) = postSolution
		{3EB09A09-DB5F-4D84-8131-78615BFABFF4}.Debug|Any CPU.ActiveCfg = Debug|Any CPU
		{3EB09A09-DB5F-4D84-8131-78615BFABFF4}.Debug|Any CPU.Build.0 = Debug|Any CPU
		{3EB09A09-DB5F-4D84-8131-78615BFABFF4}.Release|Any CPU.ActiveCfg = Release|Any CPU
		{3EB09A09-DB5F-4D84-8131-78615BFABFF4}.Release|Any CPU.Build.0 = Release|Any CPU
	EndGlobalSection
	GlobalSection(SolutionProperties) = preSolution
		HideSolutionNode = FALSE
	EndGlobalSection
	GlobalSection(ExtensibilityGlobals) = postSolution
		SolutionGuid = {1F1D9F17-7B61-4CCA-AB4C-9FB896021AB3}
	EndGlobalSection
EndGlobal
